
Microsoft Visual Studio Solution File, Format Version 12.00
# Visual Studio Version 17
VisualStudioVersion = 17.2.32630.192
MinimumVisualStudioVersion = 10.0.40219.1
Project("{8BC9CEB8-8B4A-11D0-8D11-00A0C91BC942}") = "C_008_class", "C_008_class\C_008_class.vcxproj", "{BB77313D-DF52-4036-B542-D35F67B24082}"
EndProject
Global
	GlobalSection(SolutionConfigurationPlatforms) = preSolution
		Debug|x64 = Debug|x64
		Debug|x86 = Debug|x86
		Release|x64 = Release|x64
		Release|x86 = Release|x86
	EndGlobalSection
	GlobalSection(ProjectConfigurationPlatforms) = postSolution
		{BB77313D-DF52-4036-B542-D35F67B24082}.Debug|x64.ActiveCfg = Debug|x64
		{BB77313D-DF52-4036-B542-D35F67B24082}.Debug|x64.Build.0 = Debug|x64
		{BB77313D-DF52-4036-B542-D35F67B24082}.Debug|x86.ActiveCfg = Debug|Win32
		{BB77313D-DF52-4036-B542-D35F67B24082}.Debug|x86.Build.0 = Debug|Win32
		{BB77313D-DF52-4036-B542-D35F67B24082}.Release|x64.ActiveCfg = Release|x64
		{BB77313D-DF52-4036-B542-D35F67B24082}.Release|x64.Build.0 = Release|x64
		{BB77313D-DF52-4036-B542-D35F67B24082}.Release|x86.ActiveCfg = Release|Win32
		{BB77313D-DF52-4036-B542-D35F67B24082}.Release|x86.Build.0 = Release|Win32
	EndGlobalSection
	GlobalSection(SolutionProperties) = preSolution
		HideSolutionNode = FALSE
	EndGlobalSection
	GlobalSection(ExtensibilityGlobals) = postSolution
		SolutionGuid = {B40DCF36-6B2D-438C-8397-B8A7CFB53946}
	EndGlobalSection
EndGlobal
